
Microsoft Visual Studio Solution File, Format Version 12.00
# Visual Studio Version 17
VisualStudioVersion = 17.5.33516.290
MinimumVisualStudioVersion = 10.0.40219.1
Project("{FAE04EC0-301F-11D3-BF4B-00C04F79EFBC}") = "using_namespace_dz", "using_namespace_dz.csproj", "{DD899DC6-CE4E-4B56-AC56-AE90D76EA701}"
EndProject
Global
	GlobalSection(SolutionConfigurationPlatforms) = preSolution
		Debug|Any CPU = Debug|Any CPU
		Release|Any CPU = Release|Any CPU
	EndGlobalSection
	GlobalSection(ProjectConfigurationPlatforms) = postSolution
		{DD899DC6-CE4E-4B56-AC56-AE90D76EA701}.Debug|Any CPU.ActiveCfg = Debug|Any CPU
		{DD899DC6-CE4E-4B56-AC56-AE90D76EA701}.Debug|Any CPU.Build.0 = Debug|Any CPU
		{DD899DC6-CE4E-4B56-AC56-AE90D76EA701}.Release|Any CPU.ActiveCfg = Release|Any CPU
		{DD899DC6-CE4E-4B56-AC56-AE90D76EA701}.Release|Any CPU.Build.0 = Release|Any CPU
	EndGlobalSection
	GlobalSection(SolutionProperties) = preSolution
		HideSolutionNode = FALSE
	EndGlobalSection
	GlobalSection(ExtensibilityGlobals) = postSolution
		SolutionGuid = {8B70B28A-E08A-4C13-B7AC-E9909F432EBF}
	EndGlobalSection
EndGlobal
